
Microsoft Visual Studio Solution File, Format Version 12.00
# Visual Studio Version 17
VisualStudioVersion = 17.4.33110.190
MinimumVisualStudioVersion = 10.0.40219.1
Project("{2150E333-8FDC-42A3-9474-1A3956D46DE8}") = "src", "src", "{3F9753EC-57BC-4B63-966C-B9CFF0806430}"
EndProject
Project("{2150E333-8FDC-42A3-9474-1A3956D46DE8}") = "API", "API", "{84D01E8A-36A8-4E73-ABBA-AAB77B44D79B}"
EndProject
Project("{2150E333-8FDC-42A3-9474-1A3956D46DE8}") = "Application", "Application", "{C1A4836F-C1BD-4ED9-AA2B-94DEE5B59E4F}"
EndProject
Project("{2150E333-8FDC-42A3-9474-1A3956D46DE8}") = "Core", "Core", "{76BF3F57-E747-424C-B62D-91EF2B7DDEB9}"
EndProject
Project("{2150E333-8FDC-42A3-9474-1A3956D46DE8}") = "Domain", "Domain", "{38D8BBB6-705C-4071-97BD-A23BEF40AFEF}"
EndProject
Project("{9A19103F-16F7-4668-BE54-9A1E7A4F7556}") = "Example.Domain", "Example.Domain\Example.Domain.csproj", "{E1D93D71-0154-4031-9976-87E6BEE612B6}"
EndProject
Project("{9A19103F-16F7-4668-BE54-9A1E7A4F7556}") = "Example.Application.Contracts", "Example.Application.Contracts\Example.Application.Contracts.csproj", "{582E48A5-DDAB-41C6-861D-12FD141F1F4F}"
EndProject
Project("{9A19103F-16F7-4668-BE54-9A1E7A4F7556}") = "Example.Application.CQRS", "Example.Application.CQRS\Example.Application.CQRS.csproj", "{14D7B1A1-08ED-4497-9831-E1FEBB3906DB}"
EndProject
Project("{2150E333-8FDC-42A3-9474-1A3956D46DE8}") = "Infrastructure", "Infrastructure", "{65C138AD-408C-4AB8-8EBC-2ED0B331AD19}"
EndProject
Project("{9A19103F-16F7-4668-BE54-9A1E7A4F7556}") = "Example.Infrastructure.Persistence.FakeRepository", "Example.Infrastructure.Persistence.FakeRepository\Example.Infrastructure.Persistence.FakeRepository.csproj", "{430B21B3-1D5A-457F-9F49-23C94B03CB49}"
EndProject
Project("{9A19103F-16F7-4668-BE54-9A1E7A4F7556}") = "ExampleDeveloperApi", "ExampleDeveloperApi\ExampleDeveloperApi.csproj", "{7719ABAE-8FEF-413B-8FF0-708521B83BFC}"
EndProject
Project("{2150E333-8FDC-42A3-9474-1A3956D46DE8}") = "UnitTest", "UnitTest", "{D753936A-1BDF-44B6-8D1D-6E6BEE2B6480}"
EndProject
Project("{FAE04EC0-301F-11D3-BF4B-00C04F79EFBC}") = "Example.UnitTest", "Example.UnitTest\Example.UnitTest.csproj", "{6BA17902-E085-4888-B225-80FD812D6FEA}"
EndProject
Global
	GlobalSection(SolutionConfigurationPlatforms) = preSolution
		Debug|Any CPU = Debug|Any CPU
		Release|Any CPU = Release|Any CPU
	EndGlobalSection
	GlobalSection(ProjectConfigurationPlatforms) = postSolution
		{E1D93D71-0154-4031-9976-87E6BEE612B6}.Debug|Any CPU.ActiveCfg = Debug|Any CPU
		{E1D93D71-0154-4031-9976-87E6BEE612B6}.Debug|Any CPU.Build.0 = Debug|Any CPU
		{E1D93D71-0154-4031-9976-87E6BEE612B6}.Release|Any CPU.ActiveCfg = Release|Any CPU
		{E1D93D71-0154-4031-9976-87E6BEE612B6}.Release|Any CPU.Build.0 = Release|Any CPU
		{582E48A5-DDAB-41C6-861D-12FD141F1F4F}.Debug|Any CPU.ActiveCfg = Debug|Any CPU
		{582E48A5-DDAB-41C6-861D-12FD141F1F4F}.Debug|Any CPU.Build.0 = Debug|Any CPU
		{582E48A5-DDAB-41C6-861D-12FD141F1F4F}.Release|Any CPU.ActiveCfg = Release|Any CPU
		{582E48A5-DDAB-41C6-861D-12FD141F1F4F}.Release|Any CPU.Build.0 = Release|Any CPU
		{14D7B1A1-08ED-4497-9831-E1FEBB3906DB}.Debug|Any CPU.ActiveCfg = Debug|Any CPU
		{14D7B1A1-08ED-4497-9831-E1FEBB3906DB}.Debug|Any CPU.Build.0 = Debug|Any CPU
		{14D7B1A1-08ED-4497-9831-E1FEBB3906DB}.Release|Any CPU.ActiveCfg = Release|Any CPU
		{14D7B1A1-08ED-4497-9831-E1FEBB3906DB}.Release|Any CPU.Build.0 = Release|Any CPU
		{430B21B3-1D5A-457F-9F49-23C94B03CB49}.Debug|Any CPU.ActiveCfg = Debug|Any CPU
		{430B21B3-1D5A-457F-9F49-23C94B03CB49}.Debug|Any CPU.Build.0 = Debug|Any CPU
		{430B21B3-1D5A-457F-9F49-23C94B03CB49}.Release|Any CPU.ActiveCfg = Release|Any CPU
		{430B21B3-1D5A-457F-9F49-23C94B03CB49}.Release|Any CPU.Build.0 = Release|Any CPU
		{7719ABAE-8FEF-413B-8FF0-708521B83BFC}.Debug|Any CPU.ActiveCfg = Debug|Any CPU
		{7719ABAE-8FEF-413B-8FF0-708521B83BFC}.Debug|Any CPU.Build.0 = Debug|Any CPU
		{7719ABAE-8FEF-413B-8FF0-708521B83BFC}.Release|Any CPU.ActiveCfg = Release|Any CPU
		{7719ABAE-8FEF-413B-8FF0-708521B83BFC}.Release|Any CPU.Build.0 = Release|Any CPU
		{6BA17902-E085-4888-B225-80FD812D6FEA}.Debug|Any CPU.ActiveCfg = Debug|Any CPU
		{6BA17902-E085-4888-B225-80FD812D6FEA}.Debug|Any CPU.Build.0 = Debug|Any CPU
		{6BA17902-E085-4888-B225-80FD812D6FEA}.Release|Any CPU.ActiveCfg = Release|Any CPU
		{6BA17902-E085-4888-B225-80FD812D6FEA}.Release|Any CPU.Build.0 = Release|Any CPU
	EndGlobalSection
	GlobalSection(SolutionProperties) = preSolution
		HideSolutionNode = FALSE
	EndGlobalSection
	GlobalSection(NestedProjects) = preSolution
		{84D01E8A-36A8-4E73-ABBA-AAB77B44D79B} = {3F9753EC-57BC-4B63-966C-B9CFF0806430}
		{C1A4836F-C1BD-4ED9-AA2B-94DEE5B59E4F} = {3F9753EC-57BC-4B63-966C-B9CFF0806430}
		{76BF3F57-E747-424C-B62D-91EF2B7DDEB9} = {C1A4836F-C1BD-4ED9-AA2B-94DEE5B59E4F}
		{38D8BBB6-705C-4071-97BD-A23BEF40AFEF} = {C1A4836F-C1BD-4ED9-AA2B-94DEE5B59E4F}
		{E1D93D71-0154-4031-9976-87E6BEE612B6} = {38D8BBB6-705C-4071-97BD-A23BEF40AFEF}
		{582E48A5-DDAB-41C6-861D-12FD141F1F4F} = {76BF3F57-E747-424C-B62D-91EF2B7DDEB9}
		{14D7B1A1-08ED-4497-9831-E1FEBB3906DB} = {76BF3F57-E747-424C-B62D-91EF2B7DDEB9}
		{65C138AD-408C-4AB8-8EBC-2ED0B331AD19} = {3F9753EC-57BC-4B63-966C-B9CFF0806430}
		{430B21B3-1D5A-457F-9F49-23C94B03CB49} = {65C138AD-408C-4AB8-8EBC-2ED0B331AD19}
		{7719ABAE-8FEF-413B-8FF0-708521B83BFC} = {84D01E8A-36A8-4E73-ABBA-AAB77B44D79B}
		{6BA17902-E085-4888-B225-80FD812D6FEA} = {D753936A-1BDF-44B6-8D1D-6E6BEE2B6480}
	EndGlobalSection
	GlobalSection(ExtensibilityGlobals) = postSolution
		SolutionGuid = {0789D3A4-2C6D-4893-AF75-8D663BA139D9}
	EndGlobalSection
EndGlobal
